
Microsoft Visual Studio Solution File, Format Version 12.00
# Visual Studio 14
VisualStudioVersion = 14.0.25123.0
MinimumVisualStudioVersion = 10.0.40219.1
Project("{FAE04EC0-301F-11D3-BF4B-00C04F79EFBC}") = "PandyIT.VinylOrganizer.ConsoleTests", "PandyIT.VinylOrganizer.ConsoleTests\PandyIT.VinylOrganizer.ConsoleTests.csproj", "{B1CFD40A-AD6D-4429-8D17-DB82C1FFF16D}"
EndProject
Project("{FAE04EC0-301F-11D3-BF4B-00C04F79EFBC}") = "PandyIT.VinylOrganizer.DAL.Model", "PandyIT.VinylOrganizer.DAL.Model\PandyIT.VinylOrganizer.DAL.Model.csproj", "{A6BEFC89-5AD2-4517-A759-8C1C3E13E574}"
EndProject
Project("{FAE04EC0-301F-11D3-BF4B-00C04F79EFBC}") = "PandyIT.Core", "PandyIT.Core\PandyIT.Core.csproj", "{B761C3C5-FC5D-476E-A926-3EBB5712FE04}"
EndProject
Project("{FAE04EC0-301F-11D3-BF4B-00C04F79EFBC}") = "PandyIT.VinylOrganizer.Services", "PandyIT.VinylOrganizer.BAL.Business\PandyIT.VinylOrganizer.Services.csproj", "{1C632E3E-FC0E-4BAF-89D3-48E06062C2D2}"
EndProject
Project("{FAE04EC0-301F-11D3-BF4B-00C04F79EFBC}") = "PandyIt.VinylOrganizer.Labels", "PandyIt.Labels\PandyIt.VinylOrganizer.Labels.csproj", "{D6F54799-955E-4C61-ABEB-894B783B677D}"
EndProject
Project("{FAE04EC0-301F-11D3-BF4B-00C04F79EFBC}") = "PandyIT.VinylOrganizer.UI.WPF", "PandyIT.VinylOrganizer.UI.WPF\PandyIT.VinylOrganizer.UI.WPF.csproj", "{EC628E30-D92D-46A4-BA80-ADC3AD9C343E}"
EndProject
Project("{FAE04EC0-301F-11D3-BF4B-00C04F79EFBC}") = "PandyIT.Core.WPF", "PandyIT.Core.WPF\PandyIT.Core.WPF.csproj", "{F8942031-2C7A-4134-9DD9-A4F4B17D7843}"
EndProject
Project("{FAE04EC0-301F-11D3-BF4B-00C04F79EFBC}") = "PandyIT.VinylOrganizer.Common", "PandyIT.VinylOrganizer.Common\PandyIT.VinylOrganizer.Common.csproj", "{FBD5A3E5-DA49-413D-B783-721DF6166868}"
EndProject
Project("{2150E333-8FDC-42A3-9474-1A3956D46DE8}") = "Solution Items", "Solution Items", "{A2CDB30C-1347-46CE-9695-F408558998EB}"
	ProjectSection(SolutionItems) = preProject
		TODO.txt = TODO.txt
	EndProjectSection
EndProject
Project("{FAE04EC0-301F-11D3-BF4B-00C04F79EFBC}") = "PandyIT.Core.Integration.Discogs", "PandyIT.Core.Integration.Discogs\PandyIT.Core.Integration.Discogs.csproj", "{9B007046-E861-485B-972B-61F1294835F4}"
EndProject
Project("{FAE04EC0-301F-11D3-BF4B-00C04F79EFBC}") = "PandyIT.Core.Integration.Youtube", "PandyIT.Core.Integration.Youtube\PandyIT.Core.Integration.Youtube.csproj", "{8255E7C4-684A-41EF-9B91-25DA56D1A43A}"
EndProject
Global
	GlobalSection(SolutionConfigurationPlatforms) = preSolution
		Debug|Any CPU = Debug|Any CPU
		Release|Any CPU = Release|Any CPU
	EndGlobalSection
	GlobalSection(ProjectConfigurationPlatforms) = postSolution
		{B1CFD40A-AD6D-4429-8D17-DB82C1FFF16D}.Debug|Any CPU.ActiveCfg = Debug|Any CPU
		{B1CFD40A-AD6D-4429-8D17-DB82C1FFF16D}.Debug|Any CPU.Build.0 = Debug|Any CPU
		{B1CFD40A-AD6D-4429-8D17-DB82C1FFF16D}.Release|Any CPU.ActiveCfg = Release|Any CPU
		{B1CFD40A-AD6D-4429-8D17-DB82C1FFF16D}.Release|Any CPU.Build.0 = Release|Any CPU
		{A6BEFC89-5AD2-4517-A759-8C1C3E13E574}.Debug|Any CPU.ActiveCfg = Debug|Any CPU
		{A6BEFC89-5AD2-4517-A759-8C1C3E13E574}.Debug|Any CPU.Build.0 = Debug|Any CPU
		{A6BEFC89-5AD2-4517-A759-8C1C3E13E574}.Release|Any CPU.ActiveCfg = Release|Any CPU
		{A6BEFC89-5AD2-4517-A759-8C1C3E13E574}.Release|Any CPU.Build.0 = Release|Any CPU
		{B761C3C5-FC5D-476E-A926-3EBB5712FE04}.Debug|Any CPU.ActiveCfg = Debug|Any CPU
		{B761C3C5-FC5D-476E-A926-3EBB5712FE04}.Debug|Any CPU.Build.0 = Debug|Any CPU
		{B761C3C5-FC5D-476E-A926-3EBB5712FE04}.Release|Any CPU.ActiveCfg = Release|Any CPU
		{B761C3C5-FC5D-476E-A926-3EBB5712FE04}.Release|Any CPU.Build.0 = Release|Any CPU
		{1C632E3E-FC0E-4BAF-89D3-48E06062C2D2}.Debug|Any CPU.ActiveCfg = Debug|Any CPU
		{1C632E3E-FC0E-4BAF-89D3-48E06062C2D2}.Debug|Any CPU.Build.0 = Debug|Any CPU
		{1C632E3E-FC0E-4BAF-89D3-48E06062C2D2}.Release|Any CPU.ActiveCfg = Release|Any CPU
		{1C632E3E-FC0E-4BAF-89D3-48E06062C2D2}.Release|Any CPU.Build.0 = Release|Any CPU
		{D6F54799-955E-4C61-ABEB-894B783B677D}.Debug|Any CPU.ActiveCfg = Debug|Any CPU
		{D6F54799-955E-4C61-ABEB-894B783B677D}.Debug|Any CPU.Build.0 = Debug|Any CPU
		{D6F54799-955E-4C61-ABEB-894B783B677D}.Release|Any CPU.ActiveCfg = Release|Any CPU
		{D6F54799-955E-4C61-ABEB-894B783B677D}.Release|Any CPU.Build.0 = Release|Any CPU
		{EC628E30-D92D-46A4-BA80-ADC3AD9C343E}.Debug|Any CPU.ActiveCfg = Debug|Any CPU
		{EC628E30-D92D-46A4-BA80-ADC3AD9C343E}.Debug|Any CPU.Build.0 = Debug|Any CPU
		{EC628E30-D92D-46A4-BA80-ADC3AD9C343E}.Release|Any CPU.ActiveCfg = Release|Any CPU
		{EC628E30-D92D-46A4-BA80-ADC3AD9C343E}.Release|Any CPU.Build.0 = Release|Any CPU
		{F8942031-2C7A-4134-9DD9-A4F4B17D7843}.Debug|Any CPU.ActiveCfg = Debug|Any CPU
		{F8942031-2C7A-4134-9DD9-A4F4B17D7843}.Debug|Any CPU.Build.0 = Debug|Any CPU
		{F8942031-2C7A-4134-9DD9-A4F4B17D7843}.Release|Any CPU.ActiveCfg = Release|Any CPU
		{F8942031-2C7A-4134-9DD9-A4F4B17D7843}.Release|Any CPU.Build.0 = Release|Any CPU
		{FBD5A3E5-DA49-413D-B783-721DF6166868}.Debug|Any CPU.ActiveCfg = Debug|Any CPU
		{FBD5A3E5-DA49-413D-B783-721DF6166868}.Debug|Any CPU.Build.0 = Debug|Any CPU
		{FBD5A3E5-DA49-413D-B783-721DF6166868}.Release|Any CPU.ActiveCfg = Release|Any CPU
		{FBD5A3E5-DA49-413D-B783-721DF6166868}.Release|Any CPU.Build.0 = Release|Any CPU
		{9B007046-E861-485B-972B-61F1294835F4}.Debug|Any CPU.ActiveCfg = Debug|Any CPU
		{9B007046-E861-485B-972B-61F1294835F4}.Debug|Any CPU.Build.0 = Debug|Any CPU
		{9B007046-E861-485B-972B-61F1294835F4}.Release|Any CPU.ActiveCfg = Release|Any CPU
		{9B007046-E861-485B-972B-61F1294835F4}.Release|Any CPU.Build.0 = Release|Any CPU
		{8255E7C4-684A-41EF-9B91-25DA56D1A43A}.Debug|Any CPU.ActiveCfg = Debug|Any CPU
		{8255E7C4-684A-41EF-9B91-25DA56D1A43A}.Debug|Any CPU.Build.0 = Debug|Any CPU
		{8255E7C4-684A-41EF-9B91-25DA56D1A43A}.Release|Any CPU.ActiveCfg = Release|Any CPU
		{8255E7C4-684A-41EF-9B91-25DA56D1A43A}.Release|Any CPU.Build.0 = Release|Any CPU
	EndGlobalSection
	GlobalSection(SolutionProperties) = preSolution
		HideSolutionNode = FALSE
	EndGlobalSection
EndGlobal
